
Microsoft Visual Studio Solution File, Format Version 12.00
# Visual Studio Version 17
VisualStudioVersion = 17.4.33122.133
MinimumVisualStudioVersion = 10.0.40219.1
Project("{FAE04EC0-301F-11D3-BF4B-00C04F79EFBC}") = "atividades", "atividades\atividades.csproj", "{94B2FD93-15AE-451D-BAF0-A336B8467472}"
EndProject
Global
	GlobalSection(SolutionConfigurationPlatforms) = preSolution
		Debug|Any CPU = Debug|Any CPU
		Release|Any CPU = Release|Any CPU
	EndGlobalSection
	GlobalSection(ProjectConfigurationPlatforms) = postSolution
		{94B2FD93-15AE-451D-BAF0-A336B8467472}.Debug|Any CPU.ActiveCfg = Debug|Any CPU
		{94B2FD93-15AE-451D-BAF0-A336B8467472}.Debug|Any CPU.Build.0 = Debug|Any CPU
		{94B2FD93-15AE-451D-BAF0-A336B8467472}.Release|Any CPU.ActiveCfg = Release|Any CPU
		{94B2FD93-15AE-451D-BAF0-A336B8467472}.Release|Any CPU.Build.0 = Release|Any CPU
	EndGlobalSection
	GlobalSection(SolutionProperties) = preSolution
		HideSolutionNode = FALSE
	EndGlobalSection
	GlobalSection(ExtensibilityGlobals) = postSolution
		SolutionGuid = {1B355797-0DB4-4EF6-A017-9D6C1FA08F9F}
	EndGlobalSection
EndGlobal
