
Microsoft Visual Studio Solution File, Format Version 12.00
# Visual Studio Version 17
VisualStudioVersion = 17.11.35312.102
MinimumVisualStudioVersion = 10.0.40219.1
Project("{FAE04EC0-301F-11D3-BF4B-00C04F79EFBC}") = "biblioteca", "biblioteca.csproj", "{51608B7C-5101-4A9A-89C2-60AA16237E57}"
EndProject
Global
	GlobalSection(SolutionConfigurationPlatforms) = preSolution
		Debug|Any CPU = Debug|Any CPU
		Release|Any CPU = Release|Any CPU
	EndGlobalSection
	GlobalSection(ProjectConfigurationPlatforms) = postSolution
		{51608B7C-5101-4A9A-89C2-60AA16237E57}.Debug|Any CPU.ActiveCfg = Debug|Any CPU
		{51608B7C-5101-4A9A-89C2-60AA16237E57}.Debug|Any CPU.Build.0 = Debug|Any CPU
		{51608B7C-5101-4A9A-89C2-60AA16237E57}.Release|Any CPU.ActiveCfg = Release|Any CPU
		{51608B7C-5101-4A9A-89C2-60AA16237E57}.Release|Any CPU.Build.0 = Release|Any CPU
	EndGlobalSection
	GlobalSection(SolutionProperties) = preSolution
		HideSolutionNode = FALSE
	EndGlobalSection
	GlobalSection(ExtensibilityGlobals) = postSolution
		SolutionGuid = {4DE31D5D-750F-4EE5-936B-B41CBF165A99}
	EndGlobalSection
EndGlobal
