
Microsoft Visual Studio Solution File, Format Version 12.00
# Visual Studio Version 17
VisualStudioVersion = 17.4.33122.133
MinimumVisualStudioVersion = 10.0.40219.1
Project("{FAE04EC0-301F-11D3-BF4B-00C04F79EFBC}") = "funcao.primo", "funcao.primo\funcao.primo.csproj", "{A7CB97BA-A7EC-42CB-86F2-81346DB30E61}"
EndProject
Global
	GlobalSection(SolutionConfigurationPlatforms) = preSolution
		Debug|Any CPU = Debug|Any CPU
		Release|Any CPU = Release|Any CPU
	EndGlobalSection
	GlobalSection(ProjectConfigurationPlatforms) = postSolution
		{A7CB97BA-A7EC-42CB-86F2-81346DB30E61}.Debug|Any CPU.ActiveCfg = Debug|Any CPU
		{A7CB97BA-A7EC-42CB-86F2-81346DB30E61}.Debug|Any CPU.Build.0 = Debug|Any CPU
		{A7CB97BA-A7EC-42CB-86F2-81346DB30E61}.Release|Any CPU.ActiveCfg = Release|Any CPU
		{A7CB97BA-A7EC-42CB-86F2-81346DB30E61}.Release|Any CPU.Build.0 = Release|Any CPU
	EndGlobalSection
	GlobalSection(SolutionProperties) = preSolution
		HideSolutionNode = FALSE
	EndGlobalSection
	GlobalSection(ExtensibilityGlobals) = postSolution
		SolutionGuid = {35AB7EEA-BAE8-4C84-B0E4-50F6A21676C3}
	EndGlobalSection
EndGlobal
