
Microsoft Visual Studio Solution File, Format Version 12.00
# Visual Studio Version 17
VisualStudioVersion = 17.11.35303.130
MinimumVisualStudioVersion = 10.0.40219.1
Project("{FAE04EC0-301F-11D3-BF4B-00C04F79EFBC}") = "revisao_prova", "revisao_prova\revisao_prova.csproj", "{8CC938ED-FF09-43A3-9D90-25F96821596D}"
EndProject
Global
	GlobalSection(SolutionConfigurationPlatforms) = preSolution
		Debug|Any CPU = Debug|Any CPU
		Release|Any CPU = Release|Any CPU
	EndGlobalSection
	GlobalSection(ProjectConfigurationPlatforms) = postSolution
		{8CC938ED-FF09-43A3-9D90-25F96821596D}.Debug|Any CPU.ActiveCfg = Debug|Any CPU
		{8CC938ED-FF09-43A3-9D90-25F96821596D}.Debug|Any CPU.Build.0 = Debug|Any CPU
		{8CC938ED-FF09-43A3-9D90-25F96821596D}.Release|Any CPU.ActiveCfg = Release|Any CPU
		{8CC938ED-FF09-43A3-9D90-25F96821596D}.Release|Any CPU.Build.0 = Release|Any CPU
	EndGlobalSection
	GlobalSection(SolutionProperties) = preSolution
		HideSolutionNode = FALSE
	EndGlobalSection
	GlobalSection(ExtensibilityGlobals) = postSolution
		SolutionGuid = {453B097F-AC90-4CCC-8A8C-2DFAB798B6AC}
	EndGlobalSection
EndGlobal
